
Microsoft Visual Studio Solution File, Format Version 12.00
# Visual Studio Version 16
VisualStudioVersion = 16.0.30907.101
MinimumVisualStudioVersion = 10.0.40219.1
Project("{FAE04EC0-301F-11D3-BF4B-00C04F79EFBC}") = "CyclesDz1", "CyclesDz1\CyclesDz1.csproj", "{2BE2A6ED-4AF4-463D-8623-E589CB92BB73}"
EndProject
Project("{FAE04EC0-301F-11D3-BF4B-00C04F79EFBC}") = "CyclesDz2", "CyclesDz2\CyclesDz2.csproj", "{5E0C024B-AF15-42B5-96F9-A0A361735F82}"
EndProject
Project("{FAE04EC0-301F-11D3-BF4B-00C04F79EFBC}") = "CyclesDz3", "CyclesDz3\CyclesDz3.csproj", "{CE8159B8-0AEB-45C4-BF44-6E09B5FC0DDF}"
EndProject
Global
	GlobalSection(SolutionConfigurationPlatforms) = preSolution
		Debug|Any CPU = Debug|Any CPU
		Release|Any CPU = Release|Any CPU
	EndGlobalSection
	GlobalSection(ProjectConfigurationPlatforms) = postSolution
		{2BE2A6ED-4AF4-463D-8623-E589CB92BB73}.Debug|Any CPU.ActiveCfg = Debug|Any CPU
		{2BE2A6ED-4AF4-463D-8623-E589CB92BB73}.Debug|Any CPU.Build.0 = Debug|Any CPU
		{2BE2A6ED-4AF4-463D-8623-E589CB92BB73}.Release|Any CPU.ActiveCfg = Release|Any CPU
		{2BE2A6ED-4AF4-463D-8623-E589CB92BB73}.Release|Any CPU.Build.0 = Release|Any CPU
		{5E0C024B-AF15-42B5-96F9-A0A361735F82}.Debug|Any CPU.ActiveCfg = Debug|Any CPU
		{5E0C024B-AF15-42B5-96F9-A0A361735F82}.Debug|Any CPU.Build.0 = Debug|Any CPU
		{5E0C024B-AF15-42B5-96F9-A0A361735F82}.Release|Any CPU.ActiveCfg = Release|Any CPU
		{5E0C024B-AF15-42B5-96F9-A0A361735F82}.Release|Any CPU.Build.0 = Release|Any CPU
		{CE8159B8-0AEB-45C4-BF44-6E09B5FC0DDF}.Debug|Any CPU.ActiveCfg = Debug|Any CPU
		{CE8159B8-0AEB-45C4-BF44-6E09B5FC0DDF}.Debug|Any CPU.Build.0 = Debug|Any CPU
		{CE8159B8-0AEB-45C4-BF44-6E09B5FC0DDF}.Release|Any CPU.ActiveCfg = Release|Any CPU
		{CE8159B8-0AEB-45C4-BF44-6E09B5FC0DDF}.Release|Any CPU.Build.0 = Release|Any CPU
	EndGlobalSection
	GlobalSection(SolutionProperties) = preSolution
		HideSolutionNode = FALSE
	EndGlobalSection
	GlobalSection(ExtensibilityGlobals) = postSolution
		SolutionGuid = {E14C2B1E-9983-4386-8149-0441F4A9479A}
	EndGlobalSection
EndGlobal
